// !$*UTF8*$!
{
	archiveVersion = 1;
	classes = {
	};
	objectVersion = 46;
	objects = {

/* Begin PBXBuildFile section */
		6CA53CF21A33B955007E58C8 /* AppDelegate.swift in Sources */ = {isa = PBXBuildFile; fileRef = 6CA53CF11A33B955007E58C8 /* AppDelegate.swift */; };
		6CA53CF41A33B955007E58C8 /* ViewController.swift in Sources */ = {isa = PBXBuildFile; fileRef = 6CA53CF31A33B955007E58C8 /* ViewController.swift */; };
		6CA53CF71A33B955007E58C8 /* Main.storyboard in Resources */ = {isa = PBXBuildFile; fileRef = 6CA53CF51A33B955007E58C8 /* Main.storyboard */; };
		6CA53CF91A33B955007E58C8 /* Images.xcassets in Resources */ = {isa = PBXBuildFile; fileRef = 6CA53CF81A33B955007E58C8 /* Images.xcassets */; };
		6CA53CFC1A33B955007E58C8 /* LaunchScreen.xib in Resources */ = {isa = PBXBuildFile; fileRef = 6CA53CFA1A33B955007E58C8 /* LaunchScreen.xib */; };
		6CA53D081A33B955007E58C8 /* PostcardTests.swift in Sources */ = {isa = PBXBuildFile; fileRef = 6CA53D071A33B955007E58C8 /* PostcardTests.swift */; };
		6CA53D121A33BA4D007E58C8 /* SagradaFamilia.jpeg in Resources */ = {isa = PBXBuildFile; fileRef = 6CA53D111A33BA4D007E58C8 /* SagradaFamilia.jpeg */; };
		6CA53D141A33BCBE007E58C8 /* AlbertEinsteinStamp.jpg in Resources */ = {isa = PBXBuildFile; fileRef = 6CA53D131A33BCBE007E58C8 /* AlbertEinsteinStamp.jpg */; };
/* End PBXBuildFile section */

/* Begin PBXContainerItemProxy section */
		6CA53D021A33B955007E58C8 /* PBXContainerItemProxy */ = {
			isa = PBXContainerItemProxy;
			containerPortal = 6CA53CE41A33B955007E58C8 /* Project object */;
			proxyType = 1;
			remoteGlobalIDString = 6CA53CEB1A33B955007E58C8;
			remoteInfo = Postcard;
		};
/* End PBXContainerItemProxy section */

/* Begin PBXFileReference section */
		6CA53CEC1A33B955007E58C8 /* Postcard.app */ = {isa = PBXFileReference; explicitFileType = wrapper.application; includeInIndex = 0; path = Postcard.app; sourceTree = BUILT_PRODUCTS_DIR; };
		6CA53CF01A33B955007E58C8 /* Info.plist */ = {isa = PBXFileReference; lastKnownFileType = text.plist.xml; path = Info.plist; sourceTree = "<group>"; };
		6CA53CF11A33B955007E58C8 /* AppDelegate.swift */ = {isa = PBXFileReference; lastKnownFileType = sourcecode.swift; path = AppDelegate.swift; sourceTree = "<group>"; };
		6CA53CF31A33B955007E58C8 /* ViewController.swift */ = {isa = PBXFileReference; lastKnownFileType = sourcecode.swift; path = ViewController.swift; sourceTree = "<group>"; };
		6CA53CF61A33B955007E58C8 /* Base */ = {isa = PBXFileReference; lastKnownFileType = file.storyboard; name = Base; path = Base.lproj/Main.storyboard; sourceTree = "<group>"; };
		6CA53CF81A33B955007E58C8 /* Images.xcassets */ = {isa = PBXFileReference; lastKnownFileType = folder.assetcatalog; path = Images.xcassets; sourceTree = "<group>"; };
		6CA53CFB1A33B955007E58C8 /* Base */ = {isa = PBXFileReference; lastKnownFileType = file.xib; name = Base; path = Base.lproj/LaunchScreen.xib; sourceTree = "<group>"; };
		6CA53D011A33B955007E58C8 /* PostcardTests.xctest */ = {isa = PBXFileReference; explicitFileType = wrapper.cfbundle; includeInIndex = 0; path = PostcardTests.xctest; sourceTree = BUILT_PRODUCTS_DIR; };
		6CA53D061A33B955007E58C8 /* Info.plist */ = {isa = PBXFileReference; lastKnownFileType = text.plist.xml; path = Info.plist; sourceTree = "<group>"; };
		6CA53D071A33B955007E58C8 /* PostcardTests.swift */ = {isa = PBXFileReference; lastKnownFileType = sourcecode.swift; path = PostcardTests.swift; sourceTree = "<group>"; };
		6CA53D111A33BA4D007E58C8 /* SagradaFamilia.jpeg */ = {isa = PBXFileReference; lastKnownFileType = image.jpeg; path = SagradaFamilia.jpeg; sourceTree = "<group>"; };
		6CA53D131A33BCBE007E58C8 /* AlbertEinsteinStamp.jpg */ = {isa = PBXFileReference; lastKnownFileType = image.jpeg; path = AlbertEinsteinStamp.jpg; sourceTree = "<group>"; };
/* End PBXFileReference section */

/* Begin PBXFrameworksBuildPhase section */
		6CA53CE91A33B955007E58C8 /* Frameworks */ = {
			isa = PBXFrameworksBuildPhase;
			buildActionMask = 2147483647;
			files = (
			);
			runOnlyForDeploymentPostprocessing = 0;
		};
		6CA53CFE1A33B955007E58C8 /* Frameworks */ = {
			isa = PBXFrameworksBuildPhase;
			buildActionMask = 2147483647;
			files = (
			);
			runOnlyForDeploymentPostprocessing = 0;
		};
/* End PBXFrameworksBuildPhase section */

/* Begin PBXGroup section */
		6CA53CE31A33B955007E58C8 = {
			isa = PBXGroup;
			children = (
				6CA53CEE1A33B955007E58C8 /* Postcard */,
				6CA53D041A33B955007E58C8 /* PostcardTests */,
				6CA53CED1A33B955007E58C8 /* Products */,
			);
			sourceTree = "<group>";
		};
		6CA53CED1A33B955007E58C8 /* Products */ = {
			isa = PBXGroup;
			children = (
				6CA53CEC1A33B955007E58C8 /* Postcard.app */,
				6CA53D011A33B955007E58C8 /* PostcardTests.xctest */,
			);
			name = Products;
			sourceTree = "<group>";
		};
		6CA53CEE1A33B955007E58C8 /* Postcard */ = {
			isa = PBXGroup;
			children = (
				6CA53CF11A33B955007E58C8 /* AppDelegate.swift */,
				6CA53CF31A33B955007E58C8 /* ViewController.swift */,
				6CA53CF51A33B955007E58C8 /* Main.storyboard */,
				6CA53CF81A33B955007E58C8 /* Images.xcassets */,
				6CA53CFA1A33B955007E58C8 /* LaunchScreen.xib */,
				6CA53CEF1A33B955007E58C8 /* Supporting Files */,
			);
			path = Postcard;
			sourceTree = "<group>";
		};
		6CA53CEF1A33B955007E58C8 /* Supporting Files */ = {
			isa = PBXGroup;
			children = (
				6CA53D131A33BCBE007E58C8 /* AlbertEinsteinStamp.jpg */,
				6CA53D111A33BA4D007E58C8 /* SagradaFamilia.jpeg */,
				6CA53CF01A33B955007E58C8 /* Info.plist */,
			);
			name = "Supporting Files";
			sourceTree = "<group>";
		};
		6CA53D041A33B955007E58C8 /* PostcardTests */ = {
			isa = PBXGroup;
			children = (
				6CA53D071A33B955007E58C8 /* PostcardTests.swift */,
				6CA53D051A33B955007E58C8 /* Supporting Files */,
			);
			path = PostcardTests;
			sourceTree = "<group>";
		};
		6CA53D051A33B955007E58C8 /* Supporting Files */ = {
			isa = PBXGroup;
			children = (
				6CA53D061A33B955007E58C8 /* Info.plist */,
			);
			name = "Supporting Files";
			sourceTree = "<group>";
		};
/* End PBXGroup section */

/* Begin PBXNativeTarget section */
		6CA53CEB1A33B955007E58C8 /* Postcard */ = {
			isa = PBXNativeTarget;
			buildConfigurationList = 6CA53D0B1A33B955007E58C8 /* Build configuration list for PBXNativeTarget "Postcard" */;
			buildPhases = (
				6CA53CE81A33B955007E58C8 /* Sources */,
				6CA53CE91A33B955007E58C8 /* Frameworks */,
				6CA53CEA1A33B955007E58C8 /* Resources */,
			);
			buildRules = (
			);
			dependencies = (
			);
			name = Postcard;
			productName = Postcard;
			productReference = 6CA53CEC1A33B955007E58C8 /* Postcard.app */;
			productType = "com.apple.product-type.application";
		};
		6CA53D001A33B955007E58C8 /* PostcardTests */ = {
			isa = PBXNativeTarget;
			buildConfigurationList = 6CA53D0E1A33B955007E58C8 /* Build configuration list for PBXNativeTarget "PostcardTests" */;
			buildPhases = (
				6CA53CFD1A33B955007E58C8 /* Sources */,
				6CA53CFE1A33B955007E58C8 /* Frameworks */,
				6CA53CFF1A33B955007E58C8 /* Resources */,
			);
			buildRules = (
			);
			dependencies = (
				6CA53D031A33B955007E58C8 /* PBXTargetDependency */,
			);
			name = PostcardTests;
			productName = PostcardTests;
			productReference = 6CA53D011A33B955007E58C8 /* PostcardTests.xctest */;
			productType = "com.apple.product-type.bundle.unit-test";
		};
/* End PBXNativeTarget section */

/* Begin PBXProject section */
		6CA53CE41A33B955007E58C8 /* Project object */ = {
			isa = PBXProject;
			attributes = {
				LastUpgradeCheck = 0610;
				ORGANIZATIONNAME = Me;
				TargetAttributes = {
					6CA53CEB1A33B955007E58C8 = {
						CreatedOnToolsVersion = 6.1.1;
					};
					6CA53D001A33B955007E58C8 = {
						CreatedOnToolsVersion = 6.1.1;
						TestTargetID = 6CA53CEB1A33B955007E58C8;
					};
				};
			};
			buildConfigurationList = 6CA53CE71A33B955007E58C8 /* Build configuration list for PBXProject "Postcard" */;
			compatibilityVersion = "Xcode 3.2";
			developmentRegion = English;
			hasScannedForEncodings = 0;
			knownRegions = (
				en,
				Base,
			);
			mainGroup = 6CA53CE31A33B955007E58C8;
			productRefGroup = 6CA53CED1A33B955007E58C8 /* Products */;
			projectDirPath = "";
			projectRoot = "";
			targets = (
				6CA53CEB1A33B955007E58C8 /* Postcard */,
				6CA53D001A33B955007E58C8 /* PostcardTests */,
			);
		};
/* End PBXProject section */

/* Begin PBXResourcesBuildPhase section */
		6CA53CEA1A33B955007E58C8 /* Resources */ = {
			isa = PBXResourcesBuildPhase;
			buildActionMask = 2147483647;
			files = (
				6CA53CF71A33B955007E58C8 /* Main.storyboard in Resources */,
				6CA53D121A33BA4D007E58C8 /* SagradaFamilia.jpeg in Resources */,
				6CA53D141A33BCBE007E58C8 /* AlbertEinsteinStamp.jpg in Resources */,
				6CA53CFC1A33B955007E58C8 /* LaunchScreen.xib in Resources */,
				6CA53CF91A33B955007E58C8 /* Images.xcassets in Resources */,
			);
			runOnlyForDeploymentPostprocessing = 0;
		};
		6CA53CFF1A33B955007E58C8 /* Resources */ = {
			isa = PBXResourcesBuildPhase;
			buildActionMask = 2147483647;
			files = (
			);
			runOnlyForDeploymentPostprocessing = 0;
		};
/* End PBXResourcesBuildPhase section */

/* Begin PBXSourcesBuildPhase section */
		6CA53CE81A33B955007E58C8 /* Sources */ = {
			isa = PBXSourcesBuildPhase;
			buildActionMask = 2147483647;
			files = (
				6CA53CF41A33B955007E58C8 /* ViewController.swift in Sources */,
				6CA53CF21A33B955007E58C8 /* AppDelegate.swift in Sources */,
			);
			runOnlyForDeploymentPostprocessing = 0;
		};
		6CA53CFD1A33B955007E58C8 /* Sources */ = {
			isa = PBXSourcesBuildPhase;
			buildActionMask = 2147483647;
			files = (
				6CA53D081A33B955007E58C8 /* PostcardTests.swift in Sources */,
			);
			runOnlyForDeploymentPostprocessing = 0;
		};
/* End PBXSourcesBuildPhase section */

/* Begin PBXTargetDependency section */
		6CA53D031A33B955007E58C8 /* PBXTargetDependency */ = {
			isa = PBXTargetDependency;
			target = 6CA53CEB1A33B955007E58C8 /* Postcard */;
			targetProxy = 6CA53D021A33B955007E58C8 /* PBXContainerItemProxy */;
		};
/* End PBXTargetDependency section */

/* Begin PBXVariantGroup section */
		6CA53CF51A33B955007E58C8 /* Main.storyboard */ = {
			isa = PBXVariantGroup;
			children = (
				6CA53CF61A33B955007E58C8 /* Base */,
			);
			name = Main.storyboard;
			sourceTree = "<group>";
		};
		6CA53CFA1A33B955007E58C8 /* LaunchScreen.xib */ = {
			isa = PBXVariantGroup;
			children = (
				6CA53CFB1A33B955007E58C8 /* Base */,
			);
			name = LaunchScreen.xib;
			sourceTree = "<group>";
		};
/* End PBXVariantGroup section */

/* Begin XCBuildConfiguration section */
		6CA53D091A33B955007E58C8 /* Debug */ = {
			isa = XCBuildConfiguration;
			buildSettings = {
				ALWAYS_SEARCH_USER_PATHS = NO;
				CLANG_CXX_LANGUAGE_STANDARD = "gnu++0x";
				CLANG_CXX_LIBRARY = "libc++";
				CLANG_ENABLE_MODULES = YES;
				CLANG_ENABLE_OBJC_ARC = YES;
				CLANG_WARN_BOOL_CONVERSION = YES;
				CLANG_WARN_CONSTANT_CONVERSION = YES;
				CLANG_WARN_DIRECT_OBJC_ISA_USAGE = YES_ERROR;
				CLANG_WARN_EMPTY_BODY = YES;
				CLANG_WARN_ENUM_CONVERSION = YES;
				CLANG_WARN_INT_CONVERSION = YES;
				CLANG_WARN_OBJC_ROOT_CLASS = YES_ERROR;
				CLANG_WARN_UNREACHABLE_CODE = YES;
				CLANG_WARN__DUPLICATE_METHOD_MATCH = YES;
				"CODE_SIGN_IDENTITY[sdk=iphoneos*]" = "iPhone Developer";
				COPY_PHASE_STRIP = NO;
				ENABLE_STRICT_OBJC_MSGSEND = YES;
				GCC_C_LANGUAGE_STANDARD = gnu99;
				GCC_DYNAMIC_NO_PIC = NO;
				GCC_OPTIMIZATION_LEVEL = 0;
				GCC_PREPROCESSOR_DEFINITIONS = (
					"DEBUG=1",
					"$(inherited)",
				);
				GCC_SYMBOLS_PRIVATE_EXTERN = NO;
				GCC_WARN_64_TO_32_BIT_CONVERSION = YES;
				GCC_WARN_ABOUT_RETURN_TYPE = YES_ERROR;
				GCC_WARN_UNDECLARED_SELECTOR = YES;
				GCC_WARN_UNINITIALIZED_AUTOS = YES_AGGRESSIVE;
				GCC_WARN_UNUSED_FUNCTION = YES;
				GCC_WARN_UNUSED_VARIABLE = YES;
				IPHONEOS_DEPLOYMENT_TARGET = 8.1;
				MTL_ENABLE_DEBUG_INFO = YES;
				ONLY_ACTIVE_ARCH = YES;
				SDKROOT = iphoneos;
				SWIFT_OPTIMIZATION_LEVEL = "-Onone";
			};
			name = Debug;
		};
		6CA53D0A1A33B955007E58C8 /* Release */ = {
			isa = XCBuildConfiguration;
			buildSettings = {
				ALWAYS_SEARCH_USER_PATHS = NO;
				CLANG_CXX_LANGUAGE_STANDARD = "gnu++0x";
				CLANG_CXX_LIBRARY = "libc++";
				CLANG_ENABLE_MODULES = YES;
				CLANG_ENABLE_OBJC_ARC = YES;
				CLANG_WARN_BOOL_CONVERSION = YES;
				CLANG_WARN_CONSTANT_CONVERSION = YES;
				CLANG_WARN_DIRECT_OBJC_ISA_USAGE = YES_ERROR;
				CLANG_WARN_EMPTY_BODY = YES;
				CLANG_WARN_ENUM_CONVERSION = YES;
				CLANG_WARN_INT_CONVERSION = YES;
				CLANG_WARN_OBJC_ROOT_CLASS = YES_ERROR;
				CLANG_WARN_UNREACHABLE_CODE = YES;
				CLANG_WARN__DUPLICATE_METHOD_MATCH = YES;
				"CODE_SIGN_IDENTITY[sdk=iphoneos*]" = "iPhone Developer";
				COPY_PHASE_STRIP = YES;
				ENABLE_NS_ASSERTIONS = NO;
				ENABLE_STRICT_OBJC_MSGSEND = YES;
				GCC_C_LANGUAGE_STANDARD = gnu99;
				GCC_WARN_64_TO_32_BIT_CONVERSION = YES;
				GCC_WARN_ABOUT_RETURN_TYPE = YES_ERROR;
				GCC_WARN_UNDECLARED_SELECTOR = YES;
				GCC_WARN_UNINITIALIZED_AUTOS = YES_AGGRESSIVE;
				GCC_WARN_UNUSED_FUNCTION = YES;
				GCC_WARN_UNUSED_VARIABLE = YES;
				IPHONEOS_DEPLOYMENT_TARGET = 8.1;
				MTL_ENABLE_DEBUG_INFO = NO;
				SDKROOT = iphoneos;
				VALIDATE_PRODUCT = YES;
			};
			name = Release;
		};
		6CA53D0C1A33B955007E58C8 /* Debug */ = {
			isa = XCBuildConfiguration;
			buildSettings = {
				ASSETCATALOG_COMPILER_APPICON_NAME = AppIcon;
				INFOPLIST_FILE = Postcard/Info.plist;
				LD_RUNPATH_SEARCH_PATHS = "$(inherited) @executable_path/Frameworks";
				PRODUCT_NAME = "$(TARGET_NAME)";
			};
			name = Debug;
		};
		6CA53D0D1A33B955007E58C8 /* Release */ = {
			isa = XCBuildConfiguration;
			buildSettings = {
				ASSETCATALOG_COMPILER_APPICON_NAME = AppIcon;
				INFOPLIST_FILE = Postcard/Info.plist;
				LD_RUNPATH_SEARCH_PATHS = "$(inherited) @executable_path/Frameworks";
				PRODUCT_NAME = "$(TARGET_NAME)";
			};
			name = Release;
		};
		6CA53D0F1A33B955007E58C8 /* Debug */ = {
			isa = XCBuildConfiguration;
			buildSettings = {
				BUNDLE_LOADER = "$(TEST_HOST)";
				FRAMEWORK_SEARCH_PATHS = (
					"$(SDKROOT)/Developer/Library/Frameworks",
					"$(inherited)",
				);
				GCC_PREPROCESSOR_DEFINITIONS = (
					"DEBUG=1",
					"$(inherited)",
				);
				INFOPLIST_FILE = PostcardTests/Info.plist;
				LD_RUNPATH_SEARCH_PATHS = "$(inherited) @executable_path/Frameworks @loader_path/Frameworks";
				PRODUCT_NAME = "$(TARGET_NAME)";
				TEST_HOST = "$(BUILT_PRODUCTS_DIR)/Postcard.app/Postcard";
			};
			name = Debug;
		};
		6CA53D101A33B955007E58C8 /* Release */ = {
			isa = XCBuildConfiguration;
			buildSettings = {
				BUNDLE_LOADER = "$(TEST_HOST)";
				FRAMEWORK_SEARCH_PATHS = (
					"$(SDKROOT)/Developer/Library/Frameworks",
					"$(inherited)",
				);
				INFOPLIST_FILE = PostcardTests/Info.plist;
				LD_RUNPATH_SEARCH_PATHS = "$(inherited) @executable_path/Frameworks @loader_path/Frameworks";
				PRODUCT_NAME = "$(TARGET_NAME)";
				TEST_HOST = "$(BUILT_PRODUCTS_DIR)/Postcard.app/Postcard";
			};
			name = Release;
		};
/* End XCBuildConfiguration section */

/* Begin XCConfigurationList section */
		6CA53CE71A33B955007E58C8 /* Build configuration list for PBXProject "Postcard" */ = {
			isa = XCConfigurationList;
			buildConfigurations = (
				6CA53D091A33B955007E58C8 /* Debug */,
				6CA53D0A1A33B955007E58C8 /* Release */,
			);
			defaultConfigurationIsVisible = 0;
			defaultConfigurationName = Release;
		};
		6CA53D0B1A33B955007E58C8 /* Build configuration list for PBXNativeTarget "Postcard" */ = {
			isa = XCConfigurationList;
			buildConfigurations = (
				6CA53D0C1A33B955007E58C8 /* Debug */,
				6CA53D0D1A33B955007E58C8 /* Release */,
			);
			defaultConfigurationIsVisible = 0;
		};
		6CA53D0E1A33B955007E58C8 /* Build configuration list for PBXNativeTarget "PostcardTests" */ = {
			isa = XCConfigurationList;
			buildConfigurations = (
				6CA53D0F1A33B955007E58C8 /* Debug */,
				6CA53D101A33B955007E58C8 /* Release */,
			);
			defaultConfigurationIsVisible = 0;
		};
/* End XCConfigurationList section */
	};
	rootObject = 6CA53CE41A33B955007E58C8 /* Project object */;
}
